# THIS IS AN AUTOGENERATED FILE. DO NOT EDIT THIS FILE DIRECTLY.
# yarn lockfile v1


"@types/knockout@^3.4.67":
  version "3.4.67"
  resolved "https://registry.yarnpkg.com/@types/knockout/-/knockout-3.4.67.tgz#44d219b66d165397e747d24baf795f007a11ecbb"
  integrity sha512-VYg5VcZecApmAILpSsTtD0UUAHUIGWi7/um9WQjbk/ajPWinGZAKkH9U8zbFmvdxfafFGvcRm655XRm6vc6hoQ==

typescript@^3.8.2:
  version "3.8.2"
  resolved "https://registry.yarnpkg.com/typescript/-/typescript-3.8.2.tgz#91d6868aaead7da74f493c553aeff76c0c0b1d5a"
  integrity sha512-EgOVgL/4xfVrCMbhYKUQTdF37SQn4Iw73H5BgCrF1Abdun7Kwy/QZsE/ssAy0y4LxBbvua3PIbFsbRczWWnDdQ==
